// !$*UTF8*$!
{
	archiveVersion = 1;
	classes = {
	};
	objectVersion = 56;
	objects = {

/* Begin PBXBuildFile section */
		8C84AD8C2B18EC31002800EB /* AppDelegate.swift in Sources */ = {isa = PBXBuildFile; fileRef = 8C84AD8B2B18EC31002800EB /* AppDelegate.swift */; };
		8C84AD8E2B18EC31002800EB /* SceneDelegate.swift in Sources */ = {isa = PBXBuildFile; fileRef = 8C84AD8D2B18EC31002800EB /* SceneDelegate.swift */; };
		8C84AD902B18EC31002800EB /* ViewController.swift in Sources */ = {isa = PBXBuildFile; fileRef = 8C84AD8F2B18EC31002800EB /* ViewController.swift */; };
		8C84AD932B18EC31002800EB /* Main.storyboard in Resources */ = {isa = PBXBuildFile; fileRef = 8C84AD912B18EC31002800EB /* Main.storyboard */; };
		8C84AD952B18EC32002800EB /* Assets.xcassets in Resources */ = {isa = PBXBuildFile; fileRef = 8C84AD942B18EC32002800EB /* Assets.xcassets */; };
		8C84AD982B18EC32002800EB /* LaunchScreen.storyboard in Resources */ = {isa = PBXBuildFile; fileRef = 8C84AD962B18EC32002800EB /* LaunchScreen.storyboard */; };
		8C84ADA02B18ED06002800EB /* CryptoCell.swift in Sources */ = {isa = PBXBuildFile; fileRef = 8C84AD9F2B18ED06002800EB /* CryptoCell.swift */; };
		8C84ADA62B18EF86002800EB /* Crypto.swift in Sources */ = {isa = PBXBuildFile; fileRef = 8C84ADA52B18EF86002800EB /* Crypto.swift */; };
		8C84ADA82B18F22C002800EB /* WebService.swift in Sources */ = {isa = PBXBuildFile; fileRef = 8C84ADA72B18F22C002800EB /* WebService.swift */; };
		8C84ADAA2B18F83C002800EB /* CryptoVM.swift in Sources */ = {isa = PBXBuildFile; fileRef = 8C84ADA92B18F83C002800EB /* CryptoVM.swift */; };
		8C84ADAD2B18F99D002800EB /* RxBlocking in Frameworks */ = {isa = PBXBuildFile; productRef = 8C84ADAC2B18F99D002800EB /* RxBlocking */; };
		8C84ADAF2B18F99D002800EB /* RxBlocking-Dynamic in Frameworks */ = {isa = PBXBuildFile; productRef = 8C84ADAE2B18F99D002800EB /* RxBlocking-Dynamic */; };
		8C84ADB12B18F99D002800EB /* RxCocoa in Frameworks */ = {isa = PBXBuildFile; productRef = 8C84ADB02B18F99D002800EB /* RxCocoa */; };
		8C84ADB32B18F99D002800EB /* RxCocoa-Dynamic in Frameworks */ = {isa = PBXBuildFile; productRef = 8C84ADB22B18F99D002800EB /* RxCocoa-Dynamic */; };
		8C84ADB52B18F99D002800EB /* RxRelay in Frameworks */ = {isa = PBXBuildFile; productRef = 8C84ADB42B18F99D002800EB /* RxRelay */; };
/* End PBXBuildFile section */

/* Begin PBXFileReference section */
		8C84AD882B18EC31002800EB /* CryptoCrazyMVVM.app */ = {isa = PBXFileReference; explicitFileType = wrapper.application; includeInIndex = 0; path = CryptoCrazyMVVM.app; sourceTree = BUILT_PRODUCTS_DIR; };
		8C84AD8B2B18EC31002800EB /* AppDelegate.swift */ = {isa = PBXFileReference; lastKnownFileType = sourcecode.swift; path = AppDelegate.swift; sourceTree = "<group>"; };
		8C84AD8D2B18EC31002800EB /* SceneDelegate.swift */ = {isa = PBXFileReference; lastKnownFileType = sourcecode.swift; path = SceneDelegate.swift; sourceTree = "<group>"; };
		8C84AD8F2B18EC31002800EB /* ViewController.swift */ = {isa = PBXFileReference; lastKnownFileType = sourcecode.swift; path = ViewController.swift; sourceTree = "<group>"; };
		8C84AD922B18EC31002800EB /* Base */ = {isa = PBXFileReference; lastKnownFileType = file.storyboard; name = Base; path = Base.lproj/Main.storyboard; sourceTree = "<group>"; };
		8C84AD942B18EC32002800EB /* Assets.xcassets */ = {isa = PBXFileReference; lastKnownFileType = folder.assetcatalog; path = Assets.xcassets; sourceTree = "<group>"; };
		8C84AD972B18EC32002800EB /* Base */ = {isa = PBXFileReference; lastKnownFileType = file.storyboard; name = Base; path = Base.lproj/LaunchScreen.storyboard; sourceTree = "<group>"; };
		8C84AD992B18EC32002800EB /* Info.plist */ = {isa = PBXFileReference; lastKnownFileType = text.plist.xml; path = Info.plist; sourceTree = "<group>"; };
		8C84AD9F2B18ED06002800EB /* CryptoCell.swift */ = {isa = PBXFileReference; lastKnownFileType = sourcecode.swift; path = CryptoCell.swift; sourceTree = "<group>"; };
		8C84ADA52B18EF86002800EB /* Crypto.swift */ = {isa = PBXFileReference; lastKnownFileType = sourcecode.swift; path = Crypto.swift; sourceTree = "<group>"; };
		8C84ADA72B18F22C002800EB /* WebService.swift */ = {isa = PBXFileReference; lastKnownFileType = sourcecode.swift; path = WebService.swift; sourceTree = "<group>"; };
		8C84ADA92B18F83C002800EB /* CryptoVM.swift */ = {isa = PBXFileReference; lastKnownFileType = sourcecode.swift; path = CryptoVM.swift; sourceTree = "<group>"; };
/* End PBXFileReference section */

/* Begin PBXFrameworksBuildPhase section */
		8C84AD852B18EC31002800EB /* Frameworks */ = {
			isa = PBXFrameworksBuildPhase;
			buildActionMask = 2147483647;
			files = (
				8C84ADB52B18F99D002800EB /* RxRelay in Frameworks */,
				8C84ADB32B18F99D002800EB /* RxCocoa-Dynamic in Frameworks */,
				8C84ADB12B18F99D002800EB /* RxCocoa in Frameworks */,
				8C84ADAD2B18F99D002800EB /* RxBlocking in Frameworks */,
				8C84ADAF2B18F99D002800EB /* RxBlocking-Dynamic in Frameworks */,
			);
			runOnlyForDeploymentPostprocessing = 0;
		};
/* End PBXFrameworksBuildPhase section */

/* Begin PBXGroup section */
		8C84AD7F2B18EC31002800EB = {
			isa = PBXGroup;
			children = (
				8C84AD8A2B18EC31002800EB /* CryptoCrazyMVVM */,
				8C84AD892B18EC31002800EB /* Products */,
			);
			sourceTree = "<group>";
		};
		8C84AD892B18EC31002800EB /* Products */ = {
			isa = PBXGroup;
			children = (
				8C84AD882B18EC31002800EB /* CryptoCrazyMVVM.app */,
			);
			name = Products;
			sourceTree = "<group>";
		};
		8C84AD8A2B18EC31002800EB /* CryptoCrazyMVVM */ = {
			isa = PBXGroup;
			children = (
				8C84ADA42B18EF2D002800EB /* Service */,
				8C84ADA32B18EE59002800EB /* Model */,
				8C84ADA12B18EE46002800EB /* ViewModel */,
				8C84ADA22B18EE50002800EB /* View */,
				8C84AD912B18EC31002800EB /* Main.storyboard */,
				8C84AD942B18EC32002800EB /* Assets.xcassets */,
				8C84AD962B18EC32002800EB /* LaunchScreen.storyboard */,
				8C84AD992B18EC32002800EB /* Info.plist */,
			);
			path = CryptoCrazyMVVM;
			sourceTree = "<group>";
		};
		8C84ADA12B18EE46002800EB /* ViewModel */ = {
			isa = PBXGroup;
			children = (
				8C84AD9F2B18ED06002800EB /* CryptoCell.swift */,
				8C84ADA92B18F83C002800EB /* CryptoVM.swift */,
			);
			path = ViewModel;
			sourceTree = "<group>";
		};
		8C84ADA22B18EE50002800EB /* View */ = {
			isa = PBXGroup;
			children = (
				8C84AD8B2B18EC31002800EB /* AppDelegate.swift */,
				8C84AD8D2B18EC31002800EB /* SceneDelegate.swift */,
				8C84AD8F2B18EC31002800EB /* ViewController.swift */,
			);
			path = View;
			sourceTree = "<group>";
		};
		8C84ADA32B18EE59002800EB /* Model */ = {
			isa = PBXGroup;
			children = (
				8C84ADA52B18EF86002800EB /* Crypto.swift */,
			);
			path = Model;
			sourceTree = "<group>";
		};
		8C84ADA42B18EF2D002800EB /* Service */ = {
			isa = PBXGroup;
			children = (
				8C84ADA72B18F22C002800EB /* WebService.swift */,
			);
			path = Service;
			sourceTree = "<group>";
		};
/* End PBXGroup section */

/* Begin PBXNativeTarget section */
		8C84AD872B18EC31002800EB /* CryptoCrazyMVVM */ = {
			isa = PBXNativeTarget;
			buildConfigurationList = 8C84AD9C2B18EC32002800EB /* Build configuration list for PBXNativeTarget "CryptoCrazyMVVM" */;
			buildPhases = (
				8C84AD842B18EC31002800EB /* Sources */,
				8C84AD852B18EC31002800EB /* Frameworks */,
				8C84AD862B18EC31002800EB /* Resources */,
			);
			buildRules = (
			);
			dependencies = (
			);
			name = CryptoCrazyMVVM;
			packageProductDependencies = (
				8C84ADAC2B18F99D002800EB /* RxBlocking */,
				8C84ADAE2B18F99D002800EB /* RxBlocking-Dynamic */,
				8C84ADB02B18F99D002800EB /* RxCocoa */,
				8C84ADB22B18F99D002800EB /* RxCocoa-Dynamic */,
				8C84ADB42B18F99D002800EB /* RxRelay */,
			);
			productName = CryptoCrazyMVVM;
			productReference = 8C84AD882B18EC31002800EB /* CryptoCrazyMVVM.app */;
			productType = "com.apple.product-type.application";
		};
/* End PBXNativeTarget section */

/* Begin PBXProject section */
		8C84AD802B18EC31002800EB /* Project object */ = {
			isa = PBXProject;
			attributes = {
				BuildIndependentTargetsInParallel = 1;
				LastSwiftUpdateCheck = 1500;
				LastUpgradeCheck = 1500;
				TargetAttributes = {
					8C84AD872B18EC31002800EB = {
						CreatedOnToolsVersion = 15.0.1;
					};
				};
			};
			buildConfigurationList = 8C84AD832B18EC31002800EB /* Build configuration list for PBXProject "CryptoCrazyMVVM" */;
			compatibilityVersion = "Xcode 14.0";
			developmentRegion = en;
			hasScannedForEncodings = 0;
			knownRegions = (
				en,
				Base,
			);
			mainGroup = 8C84AD7F2B18EC31002800EB;
			packageReferences = (
				8C84ADAB2B18F99D002800EB /* XCRemoteSwiftPackageReference "RxSwift" */,
			);
			productRefGroup = 8C84AD892B18EC31002800EB /* Products */;
			projectDirPath = "";
			projectRoot = "";
			targets = (
				8C84AD872B18EC31002800EB /* CryptoCrazyMVVM */,
			);
		};
/* End PBXProject section */

/* Begin PBXResourcesBuildPhase section */
		8C84AD862B18EC31002800EB /* Resources */ = {
			isa = PBXResourcesBuildPhase;
			buildActionMask = 2147483647;
			files = (
				8C84AD982B18EC32002800EB /* LaunchScreen.storyboard in Resources */,
				8C84AD952B18EC32002800EB /* Assets.xcassets in Resources */,
				8C84AD932B18EC31002800EB /* Main.storyboard in Resources */,
			);
			runOnlyForDeploymentPostprocessing = 0;
		};
/* End PBXResourcesBuildPhase section */

/* Begin PBXSourcesBuildPhase section */
		8C84AD842B18EC31002800EB /* Sources */ = {
			isa = PBXSourcesBuildPhase;
			buildActionMask = 2147483647;
			files = (
				8C84ADA82B18F22C002800EB /* WebService.swift in Sources */,
				8C84ADA02B18ED06002800EB /* CryptoCell.swift in Sources */,
				8C84ADAA2B18F83C002800EB /* CryptoVM.swift in Sources */,
				8C84AD902B18EC31002800EB /* ViewController.swift in Sources */,
				8C84ADA62B18EF86002800EB /* Crypto.swift in Sources */,
				8C84AD8C2B18EC31002800EB /* AppDelegate.swift in Sources */,
				8C84AD8E2B18EC31002800EB /* SceneDelegate.swift in Sources */,
			);
			runOnlyForDeploymentPostprocessing = 0;
		};
/* End PBXSourcesBuildPhase section */

/* Begin PBXVariantGroup section */
		8C84AD912B18EC31002800EB /* Main.storyboard */ = {
			isa = PBXVariantGroup;
			children = (
				8C84AD922B18EC31002800EB /* Base */,
			);
			name = Main.storyboard;
			sourceTree = "<group>";
		};
		8C84AD962B18EC32002800EB /* LaunchScreen.storyboard */ = {
			isa = PBXVariantGroup;
			children = (
				8C84AD972B18EC32002800EB /* Base */,
			);
			name = LaunchScreen.storyboard;
			sourceTree = "<group>";
		};
/* End PBXVariantGroup section */

/* Begin XCBuildConfiguration section */
		8C84AD9A2B18EC32002800EB /* Debug */ = {
			isa = XCBuildConfiguration;
			buildSettings = {
				ALWAYS_SEARCH_USER_PATHS = NO;
				ASSETCATALOG_COMPILER_GENERATE_SWIFT_ASSET_SYMBOL_EXTENSIONS = YES;
				CLANG_ANALYZER_NONNULL = YES;
				CLANG_ANALYZER_NUMBER_OBJECT_CONVERSION = YES_AGGRESSIVE;
				CLANG_CXX_LANGUAGE_STANDARD = "gnu++20";
				CLANG_ENABLE_MODULES = YES;
				CLANG_ENABLE_OBJC_ARC = YES;
				CLANG_ENABLE_OBJC_WEAK = YES;
				CLANG_WARN_BLOCK_CAPTURE_AUTORELEASING = YES;
				CLANG_WARN_BOOL_CONVERSION = YES;
				CLANG_WARN_COMMA = YES;
				CLANG_WARN_CONSTANT_CONVERSION = YES;
				CLANG_WARN_DEPRECATED_OBJC_IMPLEMENTATIONS = YES;
				CLANG_WARN_DIRECT_OBJC_ISA_USAGE = YES_ERROR;
				CLANG_WARN_DOCUMENTATION_COMMENTS = YES;
				CLANG_WARN_EMPTY_BODY = YES;
				CLANG_WARN_ENUM_CONVERSION = YES;
				CLANG_WARN_INFINITE_RECURSION = YES;
				CLANG_WARN_INT_CONVERSION = YES;
				CLANG_WARN_NON_LITERAL_NULL_CONVERSION = YES;
				CLANG_WARN_OBJC_IMPLICIT_RETAIN_SELF = YES;
				CLANG_WARN_OBJC_LITERAL_CONVERSION = YES;
				CLANG_WARN_OBJC_ROOT_CLASS = YES_ERROR;
				CLANG_WARN_QUOTED_INCLUDE_IN_FRAMEWORK_HEADER = YES;
				CLANG_WARN_RANGE_LOOP_ANALYSIS = YES;
				CLANG_WARN_STRICT_PROTOTYPES = YES;
				CLANG_WARN_SUSPICIOUS_MOVE = YES;
				CLANG_WARN_UNGUARDED_AVAILABILITY = YES_AGGRESSIVE;
				CLANG_WARN_UNREACHABLE_CODE = YES;
				CLANG_WARN__DUPLICATE_METHOD_MATCH = YES;
				COPY_PHASE_STRIP = NO;
				DEBUG_INFORMATION_FORMAT = dwarf;
				ENABLE_STRICT_OBJC_MSGSEND = YES;
				ENABLE_TESTABILITY = YES;
				ENABLE_USER_SCRIPT_SANDBOXING = YES;
				GCC_C_LANGUAGE_STANDARD = gnu17;
				GCC_DYNAMIC_NO_PIC = NO;
				GCC_NO_COMMON_BLOCKS = YES;
				GCC_OPTIMIZATION_LEVEL = 0;
				GCC_PREPROCESSOR_DEFINITIONS = (
					"DEBUG=1",
					"$(inherited)",
				);
				GCC_WARN_64_TO_32_BIT_CONVERSION = YES;
				GCC_WARN_ABOUT_RETURN_TYPE = YES_ERROR;
				GCC_WARN_UNDECLARED_SELECTOR = YES;
				GCC_WARN_UNINITIALIZED_AUTOS = YES_AGGRESSIVE;
				GCC_WARN_UNUSED_FUNCTION = YES;
				GCC_WARN_UNUSED_VARIABLE = YES;
				IPHONEOS_DEPLOYMENT_TARGET = 17.0;
				LOCALIZATION_PREFERS_STRING_CATALOGS = YES;
				MTL_ENABLE_DEBUG_INFO = INCLUDE_SOURCE;
				MTL_FAST_MATH = YES;
				ONLY_ACTIVE_ARCH = YES;
				SDKROOT = iphoneos;
				SWIFT_ACTIVE_COMPILATION_CONDITIONS = "DEBUG $(inherited)";
				SWIFT_OPTIMIZATION_LEVEL = "-Onone";
			};
			name = Debug;
		};
		8C84AD9B2B18EC32002800EB /* Release */ = {
			isa = XCBuildConfiguration;
			buildSettings = {
				ALWAYS_SEARCH_USER_PATHS = NO;
				ASSETCATALOG_COMPILER_GENERATE_SWIFT_ASSET_SYMBOL_EXTENSIONS = YES;
				CLANG_ANALYZER_NONNULL = YES;
				CLANG_ANALYZER_NUMBER_OBJECT_CONVERSION = YES_AGGRESSIVE;
				CLANG_CXX_LANGUAGE_STANDARD = "gnu++20";
				CLANG_ENABLE_MODULES = YES;
				CLANG_ENABLE_OBJC_ARC = YES;
				CLANG_ENABLE_OBJC_WEAK = YES;
				CLANG_WARN_BLOCK_CAPTURE_AUTORELEASING = YES;
				CLANG_WARN_BOOL_CONVERSION = YES;
				CLANG_WARN_COMMA = YES;
				CLANG_WARN_CONSTANT_CONVERSION = YES;
				CLANG_WARN_DEPRECATED_OBJC_IMPLEMENTATIONS = YES;
				CLANG_WARN_DIRECT_OBJC_ISA_USAGE = YES_ERROR;
				CLANG_WARN_DOCUMENTATION_COMMENTS = YES;
				CLANG_WARN_EMPTY_BODY = YES;
				CLANG_WARN_ENUM_CONVERSION = YES;
				CLANG_WARN_INFINITE_RECURSION = YES;
				CLANG_WARN_INT_CONVERSION = YES;
				CLANG_WARN_NON_LITERAL_NULL_CONVERSION = YES;
				CLANG_WARN_OBJC_IMPLICIT_RETAIN_SELF = YES;
				CLANG_WARN_OBJC_LITERAL_CONVERSION = YES;
				CLANG_WARN_OBJC_ROOT_CLASS = YES_ERROR;
				CLANG_WARN_QUOTED_INCLUDE_IN_FRAMEWORK_HEADER = YES;
				CLANG_WARN_RANGE_LOOP_ANALYSIS = YES;
				CLANG_WARN_STRICT_PROTOTYPES = YES;
				CLANG_WARN_SUSPICIOUS_MOVE = YES;
				CLANG_WARN_UNGUARDED_AVAILABILITY = YES_AGGRESSIVE;
				CLANG_WARN_UNREACHABLE_CODE = YES;
				CLANG_WARN__DUPLICATE_METHOD_MATCH = YES;
				COPY_PHASE_STRIP = NO;
				DEBUG_INFORMATION_FORMAT = "dwarf-with-dsym";
				ENABLE_NS_ASSERTIONS = NO;
				ENABLE_STRICT_OBJC_MSGSEND = YES;
				ENABLE_USER_SCRIPT_SANDBOXING = YES;
				GCC_C_LANGUAGE_STANDARD = gnu17;
				GCC_NO_COMMON_BLOCKS = YES;
				GCC_WARN_64_TO_32_BIT_CONVERSION = YES;
				GCC_WARN_ABOUT_RETURN_TYPE = YES_ERROR;
				GCC_WARN_UNDECLARED_SELECTOR = YES;
				GCC_WARN_UNINITIALIZED_AUTOS = YES_AGGRESSIVE;
				GCC_WARN_UNUSED_FUNCTION = YES;
				GCC_WARN_UNUSED_VARIABLE = YES;
				IPHONEOS_DEPLOYMENT_TARGET = 17.0;
				LOCALIZATION_PREFERS_STRING_CATALOGS = YES;
				MTL_ENABLE_DEBUG_INFO = NO;
				MTL_FAST_MATH = YES;
				SDKROOT = iphoneos;
				SWIFT_COMPILATION_MODE = wholemodule;
				VALIDATE_PRODUCT = YES;
			};
			name = Release;
		};
		8C84AD9D2B18EC32002800EB /* Debug */ = {
			isa = XCBuildConfiguration;
			buildSettings = {
				ASSETCATALOG_COMPILER_APPICON_NAME = AppIcon;
				ASSETCATALOG_COMPILER_GLOBAL_ACCENT_COLOR_NAME = AccentColor;
				CODE_SIGN_STYLE = Automatic;
				CURRENT_PROJECT_VERSION = 1;
				GENERATE_INFOPLIST_FILE = YES;
				INFOPLIST_FILE = CryptoCrazyMVVM/Info.plist;
				INFOPLIST_KEY_UIApplicationSupportsIndirectInputEvents = YES;
				INFOPLIST_KEY_UILaunchStoryboardName = LaunchScreen;
				INFOPLIST_KEY_UIMainStoryboardFile = Main;
				INFOPLIST_KEY_UISupportedInterfaceOrientations_iPad = "UIInterfaceOrientationPortrait UIInterfaceOrientationPortraitUpsideDown UIInterfaceOrientationLandscapeLeft UIInterfaceOrientationLandscapeRight";
				INFOPLIST_KEY_UISupportedInterfaceOrientations_iPhone = "UIInterfaceOrientationPortrait UIInterfaceOrientationLandscapeLeft UIInterfaceOrientationLandscapeRight";
				LD_RUNPATH_SEARCH_PATHS = (
					"$(inherited)",
					"@executable_path/Frameworks",
				);
				MARKETING_VERSION = 1.0;
				PRODUCT_BUNDLE_IDENTIFIER = com.me.CryptoCrazyMVVM;
				PRODUCT_NAME = "$(TARGET_NAME)";
				SWIFT_EMIT_LOC_STRINGS = YES;
				SWIFT_VERSION = 5.0;
				TARGETED_DEVICE_FAMILY = "1,2";
			};
			name = Debug;
		};
		8C84AD9E2B18EC32002800EB /* Release */ = {
			isa = XCBuildConfiguration;
			buildSettings = {
				ASSETCATALOG_COMPILER_APPICON_NAME = AppIcon;
				ASSETCATALOG_COMPILER_GLOBAL_ACCENT_COLOR_NAME = AccentColor;
				CODE_SIGN_STYLE = Automatic;
				CURRENT_PROJECT_VERSION = 1;
				GENERATE_INFOPLIST_FILE = YES;
				INFOPLIST_FILE = CryptoCrazyMVVM/Info.plist;
				INFOPLIST_KEY_UIApplicationSupportsIndirectInputEvents = YES;
				INFOPLIST_KEY_UILaunchStoryboardName = LaunchScreen;
				INFOPLIST_KEY_UIMainStoryboardFile = Main;
				INFOPLIST_KEY_UISupportedInterfaceOrientations_iPad = "UIInterfaceOrientationPortrait UIInterfaceOrientationPortraitUpsideDown UIInterfaceOrientationLandscapeLeft UIInterfaceOrientationLandscapeRight";
				INFOPLIST_KEY_UISupportedInterfaceOrientations_iPhone = "UIInterfaceOrientationPortrait UIInterfaceOrientationLandscapeLeft UIInterfaceOrientationLandscapeRight";
				LD_RUNPATH_SEARCH_PATHS = (
					"$(inherited)",
					"@executable_path/Frameworks",
				);
				MARKETING_VERSION = 1.0;
				PRODUCT_BUNDLE_IDENTIFIER = com.me.CryptoCrazyMVVM;
				PRODUCT_NAME = "$(TARGET_NAME)";
				SWIFT_EMIT_LOC_STRINGS = YES;
				SWIFT_VERSION = 5.0;
				TARGETED_DEVICE_FAMILY = "1,2";
			};
			name = Release;
		};
/* End XCBuildConfiguration section */

/* Begin XCConfigurationList section */
		8C84AD832B18EC31002800EB /* Build configuration list for PBXProject "CryptoCrazyMVVM" */ = {
			isa = XCConfigurationList;
			buildConfigurations = (
				8C84AD9A2B18EC32002800EB /* Debug */,
				8C84AD9B2B18EC32002800EB /* Release */,
			);
			defaultConfigurationIsVisible = 0;
			defaultConfigurationName = Release;
		};
		8C84AD9C2B18EC32002800EB /* Build configuration list for PBXNativeTarget "CryptoCrazyMVVM" */ = {
			isa = XCConfigurationList;
			buildConfigurations = (
				8C84AD9D2B18EC32002800EB /* Debug */,
				8C84AD9E2B18EC32002800EB /* Release */,
			);
			defaultConfigurationIsVisible = 0;
			defaultConfigurationName = Release;
		};
/* End XCConfigurationList section */

/* Begin XCRemoteSwiftPackageReference section */
		8C84ADAB2B18F99D002800EB /* XCRemoteSwiftPackageReference "RxSwift" */ = {
			isa = XCRemoteSwiftPackageReference;
			repositoryURL = "https://github.com/ReactiveX/RxSwift.git";
			requirement = {
				kind = upToNextMajorVersion;
				minimumVersion = 6.6.0;
			};
		};
/* End XCRemoteSwiftPackageReference section */

/* Begin XCSwiftPackageProductDependency section */
		8C84ADAC2B18F99D002800EB /* RxBlocking */ = {
			isa = XCSwiftPackageProductDependency;
			package = 8C84ADAB2B18F99D002800EB /* XCRemoteSwiftPackageReference "RxSwift" */;
			productName = RxBlocking;
		};
		8C84ADAE2B18F99D002800EB /* RxBlocking-Dynamic */ = {
			isa = XCSwiftPackageProductDependency;
			package = 8C84ADAB2B18F99D002800EB /* XCRemoteSwiftPackageReference "RxSwift" */;
			productName = "RxBlocking-Dynamic";
		};
		8C84ADB02B18F99D002800EB /* RxCocoa */ = {
			isa = XCSwiftPackageProductDependency;
			package = 8C84ADAB2B18F99D002800EB /* XCRemoteSwiftPackageReference "RxSwift" */;
			productName = RxCocoa;
		};
		8C84ADB22B18F99D002800EB /* RxCocoa-Dynamic */ = {
			isa = XCSwiftPackageProductDependency;
			package = 8C84ADAB2B18F99D002800EB /* XCRemoteSwiftPackageReference "RxSwift" */;
			productName = "RxCocoa-Dynamic";
		};
		8C84ADB42B18F99D002800EB /* RxRelay */ = {
			isa = XCSwiftPackageProductDependency;
			package = 8C84ADAB2B18F99D002800EB /* XCRemoteSwiftPackageReference "RxSwift" */;
			productName = RxRelay;
		};
/* End XCSwiftPackageProductDependency section */
	};
	rootObject = 8C84AD802B18EC31002800EB /* Project object */;
}
